{
  "requires": true,
  "lockfileVersion": 1,
  "dependencies": {
    "msal": {
      "version": "1.2.0",
      "resolved": "https://registry.npmjs.org/msal/-/msal-1.2.0.tgz",
      "integrity": "sha512-Z74fTT8G1s1YKcqup6PTQ4Y4z0zh5n7fdK+RXZ47+yLH4/z1Y5LualkRuHr6C7vi74l0daNZn2nj159AV5mhOQ==",
      "requires": {
        "tslib": "^1.9.3"
      }
    },
    "tslib": {
      "version": "1.10.0",
      "resolved": "https://registry.npmjs.org/tslib/-/tslib-1.10.0.tgz",
      "integrity": "sha512-qOebF53frne81cf0S9B41ByenJ3/IuH8yJKngAX35CmiZySA0khhkovshKK+jGCaMnVomla7gVlIcc3EvKPbTQ=="
    }
  }
}
